
Microsoft Visual Studio Solution File, Format Version 12.00
# Visual Studio Version 17
VisualStudioVersion = 17.3.32901.215
MinimumVisualStudioVersion = 10.0.40219.1
Project("{FAE04EC0-301F-11D3-BF4B-00C04F79EFBC}") = "PetsEU_API", "PetsEU_API.csproj", "{CFE73657-AD3B-429A-B76A-FDB64CFDD6DB}"
EndProject
Global
	GlobalSection(SolutionConfigurationPlatforms) = preSolution
		Debug|Any CPU = Debug|Any CPU
		Release|Any CPU = Release|Any CPU
	EndGlobalSection
	GlobalSection(ProjectConfigurationPlatforms) = postSolution
		{CFE73657-AD3B-429A-B76A-FDB64CFDD6DB}.Debug|Any CPU.ActiveCfg = Debug|Any CPU
		{CFE73657-AD3B-429A-B76A-FDB64CFDD6DB}.Debug|Any CPU.Build.0 = Debug|Any CPU
		{CFE73657-AD3B-429A-B76A-FDB64CFDD6DB}.Release|Any CPU.ActiveCfg = Release|Any CPU
		{CFE73657-AD3B-429A-B76A-FDB64CFDD6DB}.Release|Any CPU.Build.0 = Release|Any CPU
	EndGlobalSection
	GlobalSection(SolutionProperties) = preSolution
		HideSolutionNode = FALSE
	EndGlobalSection
	GlobalSection(ExtensibilityGlobals) = postSolution
		SolutionGuid = {11672D73-383D-4ED5-8D9C-8D72BAD50DD6}
	EndGlobalSection
EndGlobal
